lockfileVersion: '9.0'

settings:
  autoInstallPeers: true
  excludeLinksFromLockfile: false

importers:

  .:
    devDependencies:
      '@types/node':
        specifier: ^20.12.7
        version: 20.12.7
      prettier:
        specifier: latest
        version: 3.2.5
      typescript:
        specifier: ^5.4.5
        version: 5.4.5

  modules/cli:
    devDependencies:
      '@commander-js/extra-typings':
        specifier: ^12.0.0-1
        version: 12.0.1(commander@12.0.0)
      commander:
        specifier: ^12.0.0-1
        version: 12.0.0

packages:

  '@commander-js/extra-typings@12.0.1':
    resolution: {integrity: sha512-OvkMobb1eMqOCuJdbuSin/KJkkZr7n24/UNV+Lcz/0Dhepf3r2p9PaGwpRpAWej7A+gQnny4h8mGhpFl4giKkg==}
    peerDependencies:
      commander: ~12.0.0

  '@types/node@20.12.7':
    resolution: {integrity: sha512-wq0cICSkRLVaf3UGLMGItu/PtdY7oaXaI/RVU+xliKVOtRna3PRY57ZDfztpDL0n11vfymMUnXv8QwYCO7L1wg==}

  commander@12.0.0:
    resolution: {integrity: sha512-MwVNWlYjDTtOjX5PiD7o5pK0UrFU/OYgcJfjjK4RaHZETNtjJqrZa9Y9ds88+A+f+d5lv+561eZ+yCKoS3gbAA==}
    engines: {node: '>=18'}

  prettier@3.2.5:
    resolution: {integrity: sha512-3/GWa9aOC0YeD7LUfvOG2NiDyhOWRvt1k+rcKhOuYnMY24iiCphgneUfJDyFXd6rZCAnuLBv6UeAULtrhT/F4A==}
    engines: {node: '>=14'}
    hasBin: true

  typescript@5.4.5:
    resolution: {integrity: sha512-vcI4UpRgg81oIRUFwR0WSIHKt11nJ7SAVlYNIu+QpqeyXP+gpQJy/Z4+F0aGxSE4MqwjyXvW/TzgkLAx2AGHwQ==}
    engines: {node: '>=14.17'}
    hasBin: true

  undici-types@5.26.5:
    resolution: {integrity: sha512-JlCMO+ehdEIKqlFxk6IfVoAUVmgz7cU7zD/h9XZ0qzeosSHmUJVOzSQvvYSYWXkFXC+IfLKSIffhv0sVZup6pA==}

snapshots:

  '@commander-js/extra-typings@12.0.1(commander@12.0.0)':
    dependencies:
      commander: 12.0.0

  '@types/node@20.12.7':
    dependencies:
      undici-types: 5.26.5

  commander@12.0.0: {}

  prettier@3.2.5: {}

  typescript@5.4.5: {}

  undici-types@5.26.5: {}
